{
  "name": "cheapertv-app",
  "version": "0.0.0",
  "lockfileVersion": 1,
  "requires": true,
  "dependencies": {
    "gitbook-plugin-github": {
      "version": "2.0.0",
      "resolved": "https://registry.npmjs.org/gitbook-plugin-github/-/gitbook-plugin-github-2.0.0.tgz",
      "integrity": "sha1-UWbnY8/MQC1DKIC3pshcHFS1ao0="
    },
    "redux-observable": {
      "version": "0.18.0",
      "resolved": "https://registry.npmjs.org/redux-observable/-/redux-observable-0.18.0.tgz",
      "integrity": "sha512-tu02n6jr6/bq/vyI9E/AHxIyIl0YsWloqvWqSBG0KqN6aQBujMBP6hlDAlQLj8hP+XQpqL293MLX6V612c0jSg==",
      "requires": {
        "gitbook-plugin-github": "2.0.0"
      }
    },
    "tachyons": {
      "version": "4.9.1",
      "resolved": "https://registry.npmjs.org/tachyons/-/tachyons-4.9.1.tgz",
      "integrity": "sha512-trJFXhzDZeHRcd9Bqn6ub3e0VqGWKMsGdP7RJoT+8Ihoak41o1qCwqcFx8hsFlfFWa6a4jsb464TNXnTt+MPnw=="
    }
  }
}

